
Microsoft Visual Studio Solution File, Format Version 12.00
# Visual Studio Version 17
VisualStudioVersion = 17.9.34723.18
MinimumVisualStudioVersion = 10.0.40219.1
Project("{9A19103F-16F7-4668-BE54-9A1E7A4F7556}") = "WPFDemoApp", "WPFDemoApp\WPFDemoApp.csproj", "{AE96683D-AD7B-489C-81AA-9E1AFBB61A04}"
EndProject
Project("{9A19103F-16F7-4668-BE54-9A1E7A4F7556}") = "WPFDemoApp.Common", "WPFDemoApp.Common\WPFDemoApp.Common.csproj", "{4AD0B134-A488-4FD2-8117-23CBAEA8B2F8}"
EndProject
Project("{9A19103F-16F7-4668-BE54-9A1E7A4F7556}") = "WPFDemoApp.Tests", "WPFDemoApp.Tests\WPFDemoApp.Tests.csproj", "{D20E2A6F-BDEC-43BD-AAD9-54AF80A4AC09}"
EndProject
Project("{FAE04EC0-301F-11D3-BF4B-00C04F79EFBC}") = "WPFDemoApp.Core", "WPFDemoApp.Core\WPFDemoApp.Core.csproj", "{29B9FF7E-D261-4CE2-A5E2-283C2097F86C}"
EndProject
Global
	GlobalSection(SolutionConfigurationPlatforms) = preSolution
		Debug|Any CPU = Debug|Any CPU
		Release|Any CPU = Release|Any CPU
	EndGlobalSection
	GlobalSection(ProjectConfigurationPlatforms) = postSolution
		{AE96683D-AD7B-489C-81AA-9E1AFBB61A04}.Debug|Any CPU.ActiveCfg = Debug|Any CPU
		{AE96683D-AD7B-489C-81AA-9E1AFBB61A04}.Debug|Any CPU.Build.0 = Debug|Any CPU
		{AE96683D-AD7B-489C-81AA-9E1AFBB61A04}.Release|Any CPU.ActiveCfg = Release|Any CPU
		{AE96683D-AD7B-489C-81AA-9E1AFBB61A04}.Release|Any CPU.Build.0 = Release|Any CPU
		{4AD0B134-A488-4FD2-8117-23CBAEA8B2F8}.Debug|Any CPU.ActiveCfg = Debug|Any CPU
		{4AD0B134-A488-4FD2-8117-23CBAEA8B2F8}.Debug|Any CPU.Build.0 = Debug|Any CPU
		{4AD0B134-A488-4FD2-8117-23CBAEA8B2F8}.Release|Any CPU.ActiveCfg = Release|Any CPU
		{4AD0B134-A488-4FD2-8117-23CBAEA8B2F8}.Release|Any CPU.Build.0 = Release|Any CPU
		{D20E2A6F-BDEC-43BD-AAD9-54AF80A4AC09}.Debug|Any CPU.ActiveCfg = Debug|Any CPU
		{D20E2A6F-BDEC-43BD-AAD9-54AF80A4AC09}.Debug|Any CPU.Build.0 = Debug|Any CPU
		{D20E2A6F-BDEC-43BD-AAD9-54AF80A4AC09}.Release|Any CPU.ActiveCfg = Release|Any CPU
		{D20E2A6F-BDEC-43BD-AAD9-54AF80A4AC09}.Release|Any CPU.Build.0 = Release|Any CPU
		{29B9FF7E-D261-4CE2-A5E2-283C2097F86C}.Debug|Any CPU.ActiveCfg = Debug|Any CPU
		{29B9FF7E-D261-4CE2-A5E2-283C2097F86C}.Debug|Any CPU.Build.0 = Debug|Any CPU
		{29B9FF7E-D261-4CE2-A5E2-283C2097F86C}.Release|Any CPU.ActiveCfg = Release|Any CPU
		{29B9FF7E-D261-4CE2-A5E2-283C2097F86C}.Release|Any CPU.Build.0 = Release|Any CPU
	EndGlobalSection
	GlobalSection(SolutionProperties) = preSolution
		HideSolutionNode = FALSE
	EndGlobalSection
	GlobalSection(ExtensibilityGlobals) = postSolution
		SolutionGuid = {06291836-9F08-46E4-9C71-427AA69A3F60}
	EndGlobalSection
EndGlobal
